// !$*UTF8*$!
{
	archiveVersion = 1;
	classes = {
	};
	objectVersion = 50;
	objects = {

/* Begin PBXBuildFile section */
		8BCBE05524542BC100EF056F /* AppDelegate.swift in Sources */ = {isa = PBXBuildFile; fileRef = 8BCBE05424542BC100EF056F /* AppDelegate.swift */; };
		8BCBE05724542BC100EF056F /* SceneDelegate.swift in Sources */ = {isa = PBXBuildFile; fileRef = 8BCBE05624542BC100EF056F /* SceneDelegate.swift */; };
		8BCBE05924542BC100EF056F /* ContentView.swift in Sources */ = {isa = PBXBuildFile; fileRef = 8BCBE05824542BC100EF056F /* ContentView.swift */; };
		8BCBE05B24542BC100EF056F /* Assets.xcassets in Resources */ = {isa = PBXBuildFile; fileRef = 8BCBE05A24542BC100EF056F /* Assets.xcassets */; };
		8BCBE05E24542BC100EF056F /* Preview Assets.xcassets in Resources */ = {isa = PBXBuildFile; fileRef = 8BCBE05D24542BC100EF056F /* Preview Assets.xcassets */; };
		8BCBE06124542BC100EF056F /* LaunchScreen.storyboard in Resources */ = {isa = PBXBuildFile; fileRef = 8BCBE05F24542BC100EF056F /* LaunchScreen.storyboard */; };
/* End PBXBuildFile section */

/* Begin PBXFileReference section */
		8BCBE05124542BC000EF056F /* mMovieSearch.app */ = {isa = PBXFileReference; explicitFileType = wrapper.application; includeInIndex = 0; path = mMovieSearch.app; sourceTree = BUILT_PRODUCTS_DIR; };
		8BCBE05424542BC100EF056F /* AppDelegate.swift */ = {isa = PBXFileReference; lastKnownFileType = sourcecode.swift; path = AppDelegate.swift; sourceTree = "<group>"; };
		8BCBE05624542BC100EF056F /* SceneDelegate.swift */ = {isa = PBXFileReference; lastKnownFileType = sourcecode.swift; path = SceneDelegate.swift; sourceTree = "<group>"; };
		8BCBE05824542BC100EF056F /* ContentView.swift */ = {isa = PBXFileReference; lastKnownFileType = sourcecode.swift; path = ContentView.swift; sourceTree = "<group>"; };
		8BCBE05A24542BC100EF056F /* Assets.xcassets */ = {isa = PBXFileReference; lastKnownFileType = folder.assetcatalog; path = Assets.xcassets; sourceTree = "<group>"; };
		8BCBE05D24542BC100EF056F /* Preview Assets.xcassets */ = {isa = PBXFileReference; lastKnownFileType = folder.assetcatalog; path = "Preview Assets.xcassets"; sourceTree = "<group>"; };
		8BCBE06024542BC100EF056F /* Base */ = {isa = PBXFileReference; lastKnownFileType = file.storyboard; name = Base; path = Base.lproj/LaunchScreen.storyboard; sourceTree = "<group>"; };
		8BCBE06224542BC100EF056F /* Info.plist */ = {isa = PBXFileReference; lastKnownFileType = text.plist.xml; path = Info.plist; sourceTree = "<group>"; };
/* End PBXFileReference section */

/* Begin PBXFrameworksBuildPhase section */
		8BCBE04E24542BC000EF056F /* Frameworks */ = {
			isa = PBXFrameworksBuildPhase;
			buildActionMask = 2147483647;
			files = (
			);
			runOnlyForDeploymentPostprocessing = 0;
		};
/* End PBXFrameworksBuildPhase section */

/* Begin PBXGroup section */
		8BCBE04824542BC000EF056F = {
			isa = PBXGroup;
			children = (
				8BCBE05324542BC000EF056F /* mMovieSearch */,
				8BCBE05224542BC000EF056F /* Products */,
			);
			sourceTree = "<group>";
		};
		8BCBE05224542BC000EF056F /* Products */ = {
			isa = PBXGroup;
			children = (
				8BCBE05124542BC000EF056F /* mMovieSearch.app */,
			);
			name = Products;
			sourceTree = "<group>";
		};
		8BCBE05324542BC000EF056F /* mMovieSearch */ = {
			isa = PBXGroup;
			children = (
				8BCBE05424542BC100EF056F /* AppDelegate.swift */,
				8BCBE05624542BC100EF056F /* SceneDelegate.swift */,
				8BCBE05824542BC100EF056F /* ContentView.swift */,
				8BCBE05A24542BC100EF056F /* Assets.xcassets */,
				8BCBE05F24542BC100EF056F /* LaunchScreen.storyboard */,
				8BCBE06224542BC100EF056F /* Info.plist */,
				8BCBE05C24542BC100EF056F /* Preview Content */,
			);
			path = mMovieSearch;
			sourceTree = "<group>";
		};
		8BCBE05C24542BC100EF056F /* Preview Content */ = {
			isa = PBXGroup;
			children = (
				8BCBE05D24542BC100EF056F /* Preview Assets.xcassets */,
			);
			path = "Preview Content";
			sourceTree = "<group>";
		};
/* End PBXGroup section */

/* Begin PBXNativeTarget section */
		8BCBE05024542BC000EF056F /* mMovieSearch */ = {
			isa = PBXNativeTarget;
			buildConfigurationList = 8BCBE06524542BC100EF056F /* Build configuration list for PBXNativeTarget "mMovieSearch" */;
			buildPhases = (
				8BCBE04D24542BC000EF056F /* Sources */,
				8BCBE04E24542BC000EF056F /* Frameworks */,
				8BCBE04F24542BC000EF056F /* Resources */,
			);
			buildRules = (
			);
			dependencies = (
			);
			name = mMovieSearch;
			productName = mMovieSearch;
			productReference = 8BCBE05124542BC000EF056F /* mMovieSearch.app */;
			productType = "com.apple.product-type.application";
		};
/* End PBXNativeTarget section */

/* Begin PBXProject section */
		8BCBE04924542BC000EF056F /* Project object */ = {
			isa = PBXProject;
			attributes = {
				LastSwiftUpdateCheck = 1130;
				LastUpgradeCheck = 1130;
				ORGANIZATIONNAME = "Michael Borisov";
				TargetAttributes = {
					8BCBE05024542BC000EF056F = {
						CreatedOnToolsVersion = 11.3.1;
					};
				};
			};
			buildConfigurationList = 8BCBE04C24542BC000EF056F /* Build configuration list for PBXProject "mMovieSearch" */;
			compatibilityVersion = "Xcode 9.3";
			developmentRegion = en;
			hasScannedForEncodings = 0;
			knownRegions = (
				en,
				Base,
			);
			mainGroup = 8BCBE04824542BC000EF056F;
			productRefGroup = 8BCBE05224542BC000EF056F /* Products */;
			projectDirPath = "";
			projectRoot = "";
			targets = (
				8BCBE05024542BC000EF056F /* mMovieSearch */,
			);
		};
/* End PBXProject section */

/* Begin PBXResourcesBuildPhase section */
		8BCBE04F24542BC000EF056F /* Resources */ = {
			isa = PBXResourcesBuildPhase;
			buildActionMask = 2147483647;
			files = (
				8BCBE06124542BC100EF056F /* LaunchScreen.storyboard in Resources */,
				8BCBE05E24542BC100EF056F /* Preview Assets.xcassets in Resources */,
				8BCBE05B24542BC100EF056F /* Assets.xcassets in Resources */,
			);
			runOnlyForDeploymentPostprocessing = 0;
		};
/* End PBXResourcesBuildPhase section */

/* Begin PBXSourcesBuildPhase section */
		8BCBE04D24542BC000EF056F /* Sources */ = {
			isa = PBXSourcesBuildPhase;
			buildActionMask = 2147483647;
			files = (
				8BCBE05524542BC100EF056F /* AppDelegate.swift in Sources */,
				8BCBE05724542BC100EF056F /* SceneDelegate.swift in Sources */,
				8BCBE05924542BC100EF056F /* ContentView.swift in Sources */,
			);
			runOnlyForDeploymentPostprocessing = 0;
		};
/* End PBXSourcesBuildPhase section */

/* Begin PBXVariantGroup section */
		8BCBE05F24542BC100EF056F /* LaunchScreen.storyboard */ = {
			isa = PBXVariantGroup;
			children = (
				8BCBE06024542BC100EF056F /* Base */,
			);
			name = LaunchScreen.storyboard;
			sourceTree = "<group>";
		};
/* End PBXVariantGroup section */

/* Begin XCBuildConfiguration section */
		8BCBE06324542BC100EF056F /* Debug */ = {
			isa = XCBuildConfiguration;
			buildSettings = {
				ALWAYS_SEARCH_USER_PATHS = NO;
				CLANG_ANALYZER_NONNULL = YES;
				CLANG_ANALYZER_NUMBER_OBJECT_CONVERSION = YES_AGGRESSIVE;
				CLANG_CXX_LANGUAGE_STANDARD = "gnu++14";
				CLANG_CXX_LIBRARY = "libc++";
				CLANG_ENABLE_MODULES = YES;
				CLANG_ENABLE_OBJC_ARC = YES;
				CLANG_ENABLE_OBJC_WEAK = YES;
				CLANG_WARN_BLOCK_CAPTURE_AUTORELEASING = YES;
				CLANG_WARN_BOOL_CONVERSION = YES;
				CLANG_WARN_COMMA = YES;
				CLANG_WARN_CONSTANT_CONVERSION = YES;
				CLANG_WARN_DEPRECATED_OBJC_IMPLEMENTATIONS = YES;
				CLANG_WARN_DIRECT_OBJC_ISA_USAGE = YES_ERROR;
				CLANG_WARN_DOCUMENTATION_COMMENTS = YES;
				CLANG_WARN_EMPTY_BODY = YES;
				CLANG_WARN_ENUM_CONVERSION = YES;
				CLANG_WARN_INFINITE_RECURSION = YES;
				CLANG_WARN_INT_CONVERSION = YES;
				CLANG_WARN_NON_LITERAL_NULL_CONVERSION = YES;
				CLANG_WARN_OBJC_IMPLICIT_RETAIN_SELF = YES;
				CLANG_WARN_OBJC_LITERAL_CONVERSION = YES;
				CLANG_WARN_OBJC_ROOT_CLASS = YES_ERROR;
				CLANG_WARN_RANGE_LOOP_ANALYSIS = YES;
				CLANG_WARN_STRICT_PROTOTYPES = YES;
				CLANG_WARN_SUSPICIOUS_MOVE = YES;
				CLANG_WARN_UNGUARDED_AVAILABILITY = YES_AGGRESSIVE;
				CLANG_WARN_UNREACHABLE_CODE = YES;
				CLANG_WARN__DUPLICATE_METHOD_MATCH = YES;
				COPY_PHASE_STRIP = NO;
				DEBUG_INFORMATION_FORMAT = dwarf;
				ENABLE_STRICT_OBJC_MSGSEND = YES;
				ENABLE_TESTABILITY = YES;
				GCC_C_LANGUAGE_STANDARD = gnu11;
				GCC_DYNAMIC_NO_PIC = NO;
				GCC_NO_COMMON_BLOCKS = YES;
				GCC_OPTIMIZATION_LEVEL = 0;
				GCC_PREPROCESSOR_DEFINITIONS = (
					"DEBUG=1",
					"$(inherited)",
				);
				GCC_WARN_64_TO_32_BIT_CONVERSION = YES;
				GCC_WARN_ABOUT_RETURN_TYPE = YES_ERROR;
				GCC_WARN_UNDECLARED_SELECTOR = YES;
				GCC_WARN_UNINITIALIZED_AUTOS = YES_AGGRESSIVE;
				GCC_WARN_UNUSED_FUNCTION = YES;
				GCC_WARN_UNUSED_VARIABLE = YES;
				IPHONEOS_DEPLOYMENT_TARGET = 13.2;
				MTL_ENABLE_DEBUG_INFO = INCLUDE_SOURCE;
				MTL_FAST_MATH = YES;
				ONLY_ACTIVE_ARCH = YES;
				SDKROOT = iphoneos;
				SWIFT_ACTIVE_COMPILATION_CONDITIONS = DEBUG;
				SWIFT_OPTIMIZATION_LEVEL = "-Onone";
			};
			name = Debug;
		};
		8BCBE06424542BC100EF056F /* Release */ = {
			isa = XCBuildConfiguration;
			buildSettings = {
				ALWAYS_SEARCH_USER_PATHS = NO;
				CLANG_ANALYZER_NONNULL = YES;
				CLANG_ANALYZER_NUMBER_OBJECT_CONVERSION = YES_AGGRESSIVE;
				CLANG_CXX_LANGUAGE_STANDARD = "gnu++14";
				CLANG_CXX_LIBRARY = "libc++";
				CLANG_ENABLE_MODULES = YES;
				CLANG_ENABLE_OBJC_ARC = YES;
				CLANG_ENABLE_OBJC_WEAK = YES;
				CLANG_WARN_BLOCK_CAPTURE_AUTORELEASING = YES;
				CLANG_WARN_BOOL_CONVERSION = YES;
				CLANG_WARN_COMMA = YES;
				CLANG_WARN_CONSTANT_CONVERSION = YES;
				CLANG_WARN_DEPRECATED_OBJC_IMPLEMENTATIONS = YES;
				CLANG_WARN_DIRECT_OBJC_ISA_USAGE = YES_ERROR;
				CLANG_WARN_DOCUMENTATION_COMMENTS = YES;
				CLANG_WARN_EMPTY_BODY = YES;
				CLANG_WARN_ENUM_CONVERSION = YES;
				CLANG_WARN_INFINITE_RECURSION = YES;
				CLANG_WARN_INT_CONVERSION = YES;
				CLANG_WARN_NON_LITERAL_NULL_CONVERSION = YES;
				CLANG_WARN_OBJC_IMPLICIT_RETAIN_SELF = YES;
				CLANG_WARN_OBJC_LITERAL_CONVERSION = YES;
				CLANG_WARN_OBJC_ROOT_CLASS = YES_ERROR;
				CLANG_WARN_RANGE_LOOP_ANALYSIS = YES;
				CLANG_WARN_STRICT_PROTOTYPES = YES;
				CLANG_WARN_SUSPICIOUS_MOVE = YES;
				CLANG_WARN_UNGUARDED_AVAILABILITY = YES_AGGRESSIVE;
				CLANG_WARN_UNREACHABLE_CODE = YES;
				CLANG_WARN__DUPLICATE_METHOD_MATCH = YES;
				COPY_PHASE_STRIP = NO;
				DEBUG_INFORMATION_FORMAT = "dwarf-with-dsym";
				ENABLE_NS_ASSERTIONS = NO;
				ENABLE_STRICT_OBJC_MSGSEND = YES;
				GCC_C_LANGUAGE_STANDARD = gnu11;
				GCC_NO_COMMON_BLOCKS = YES;
				GCC_WARN_64_TO_32_BIT_CONVERSION = YES;
				GCC_WARN_ABOUT_RETURN_TYPE = YES_ERROR;
				GCC_WARN_UNDECLARED_SELECTOR = YES;
				GCC_WARN_UNINITIALIZED_AUTOS = YES_AGGRESSIVE;
				GCC_WARN_UNUSED_FUNCTION = YES;
				GCC_WARN_UNUSED_VARIABLE = YES;
				IPHONEOS_DEPLOYMENT_TARGET = 13.2;
				MTL_ENABLE_DEBUG_INFO = NO;
				MTL_FAST_MATH = YES;
				SDKROOT = iphoneos;
				SWIFT_COMPILATION_MODE = wholemodule;
				SWIFT_OPTIMIZATION_LEVEL = "-O";
				VALIDATE_PRODUCT = YES;
			};
			name = Release;
		};
		8BCBE06624542BC100EF056F /* Debug */ = {
			isa = XCBuildConfiguration;
			buildSettings = {
				ASSETCATALOG_COMPILER_APPICON_NAME = AppIcon;
				CODE_SIGN_STYLE = Automatic;
				DEVELOPMENT_ASSET_PATHS = "\"mMovieSearch/Preview Content\"";
				DEVELOPMENT_TEAM = 38BRD9SJV7;
				ENABLE_PREVIEWS = YES;
				INFOPLIST_FILE = mMovieSearch/Info.plist;
				LD_RUNPATH_SEARCH_PATHS = (
					"$(inherited)",
					"@executable_path/Frameworks",
				);
				PRODUCT_BUNDLE_IDENTIFIER = com..mMovieSearch;
				PRODUCT_NAME = "$(TARGET_NAME)";
				SWIFT_VERSION = 5.0;
				TARGETED_DEVICE_FAMILY = "1,2";
			};
			name = Debug;
		};
		8BCBE06724542BC100EF056F /* Release */ = {
			isa = XCBuildConfiguration;
			buildSettings = {
				ASSETCATALOG_COMPILER_APPICON_NAME = AppIcon;
				CODE_SIGN_STYLE = Automatic;
				DEVELOPMENT_ASSET_PATHS = "\"mMovieSearch/Preview Content\"";
				DEVELOPMENT_TEAM = 38BRD9SJV7;
				ENABLE_PREVIEWS = YES;
				INFOPLIST_FILE = mMovieSearch/Info.plist;
				LD_RUNPATH_SEARCH_PATHS = (
					"$(inherited)",
					"@executable_path/Frameworks",
				);
				PRODUCT_BUNDLE_IDENTIFIER = com..mMovieSearch;
				PRODUCT_NAME = "$(TARGET_NAME)";
				SWIFT_VERSION = 5.0;
				TARGETED_DEVICE_FAMILY = "1,2";
			};
			name = Release;
		};
/* End XCBuildConfiguration section */

/* Begin XCConfigurationList section */
		8BCBE04C24542BC000EF056F /* Build configuration list for PBXProject "mMovieSearch" */ = {
			isa = XCConfigurationList;
			buildConfigurations = (
				8BCBE06324542BC100EF056F /* Debug */,
				8BCBE06424542BC100EF056F /* Release */,
			);
			defaultConfigurationIsVisible = 0;
			defaultConfigurationName = Release;
		};
		8BCBE06524542BC100EF056F /* Build configuration list for PBXNativeTarget "mMovieSearch" */ = {
			isa = XCConfigurationList;
			buildConfigurations = (
				8BCBE06624542BC100EF056F /* Debug */,
				8BCBE06724542BC100EF056F /* Release */,
			);
			defaultConfigurationIsVisible = 0;
			defaultConfigurationName = Release;
		};
/* End XCConfigurationList section */
	};
	rootObject = 8BCBE04924542BC000EF056F /* Project object */;
}
